
Microsoft Visual Studio Solution File, Format Version 12.00
# Visual Studio Version 17
VisualStudioVersion = 17.13.35806.99 d17.13
MinimumVisualStudioVersion = 10.0.40219.1
Project("{FAE04EC0-301F-11D3-BF4B-00C04F79EFBC}") = "dockertest", "dockertest\dockertest.csproj", "{09564A9C-A8E2-46A0-AF98-F37CF9C7C58C}"
EndProject
Global
	GlobalSection(SolutionConfigurationPlatforms) = preSolution
		Debug|Any CPU = Debug|Any CPU
		Release|Any CPU = Release|Any CPU
	EndGlobalSection
	GlobalSection(ProjectConfigurationPlatforms) = postSolution
		{09564A9C-A8E2-46A0-AF98-F37CF9C7C58C}.Debug|Any CPU.ActiveCfg = Debug|Any CPU
		{09564A9C-A8E2-46A0-AF98-F37CF9C7C58C}.Debug|Any CPU.Build.0 = Debug|Any CPU
		{09564A9C-A8E2-46A0-AF98-F37CF9C7C58C}.Release|Any CPU.ActiveCfg = Release|Any CPU
		{09564A9C-A8E2-46A0-AF98-F37CF9C7C58C}.Release|Any CPU.Build.0 = Release|Any CPU
	EndGlobalSection
	GlobalSection(SolutionProperties) = preSolution
		HideSolutionNode = FALSE
	EndGlobalSection
	GlobalSection(ExtensibilityGlobals) = postSolution
		SolutionGuid = {023C3614-B454-4BBB-8909-445B5238342A}
	EndGlobalSection
EndGlobal
